
Microsoft Visual Studio Solution File, Format Version 12.00
# Visual Studio Version 17
VisualStudioVersion = 17.7.34221.43
MinimumVisualStudioVersion = 10.0.40219.1
Project("{FAE04EC0-301F-11D3-BF4B-00C04F79EFBC}") = "cleanbin", "cleanbin.csproj", "{525AFBB4-C5D7-49F8-B636-A5E46D197B64}"
EndProject
Global
	GlobalSection(SolutionConfigurationPlatforms) = preSolution
		Debug|Any CPU = Debug|Any CPU
		Release|Any CPU = Release|Any CPU
	EndGlobalSection
	GlobalSection(ProjectConfigurationPlatforms) = postSolution
		{525AFBB4-C5D7-49F8-B636-A5E46D197B64}.Debug|Any CPU.ActiveCfg = Debug|Any CPU
		{525AFBB4-C5D7-49F8-B636-A5E46D197B64}.Debug|Any CPU.Build.0 = Debug|Any CPU
		{525AFBB4-C5D7-49F8-B636-A5E46D197B64}.Release|Any CPU.ActiveCfg = Release|Any CPU
		{525AFBB4-C5D7-49F8-B636-A5E46D197B64}.Release|Any CPU.Build.0 = Release|Any CPU
	EndGlobalSection
	GlobalSection(SolutionProperties) = preSolution
		HideSolutionNode = FALSE
	EndGlobalSection
	GlobalSection(ExtensibilityGlobals) = postSolution
		SolutionGuid = {2DC59049-2B30-4D00-A650-072B484441D1}
	EndGlobalSection
EndGlobal
